# This file is generated by running "yarn install" inside your project.
# Manual changes might be lost - proceed with caution!

__metadata:
  version: 6

"swa@1.1.0, swa@workspace:packages/swa":
  version: 0.0.0-use.local
  resolution: "swa@workspace:packages/swa"
  languageName: unknown
  linkType: soft

"swb@workspace:packages/swb":
  version: 0.0.0-use.local
  resolution: "swb@workspace:packages/swb"
  dependencies:
    swa: 1.1.0
  languageName: unknown
  linkType: soft

"temp1@workspace:.":
  version: 0.0.0-use.local
  resolution: "temp1@workspace:."
  languageName: unknown
  linkType: soft
